
Microsoft Visual Studio Solution File, Format Version 12.00
# Visual Studio Version 16
VisualStudioVersion = 16.0.30406.217
MinimumVisualStudioVersion = 10.0.40219.1
Project("{FAE04EC0-301F-11D3-BF4B-00C04F79EFBC}") = "AssignMvcApp", "AssignMvcApp\AssignMvcApp.csproj", "{577A3A64-3820-421E-91F9-384DA6E99EDC}"
EndProject
Global
	GlobalSection(SolutionConfigurationPlatforms) = preSolution
		Debug|Any CPU = Debug|Any CPU
		Release|Any CPU = Release|Any CPU
	EndGlobalSection
	GlobalSection(ProjectConfigurationPlatforms) = postSolution
		{577A3A64-3820-421E-91F9-384DA6E99EDC}.Debug|Any CPU.ActiveCfg = Debug|Any CPU
		{577A3A64-3820-421E-91F9-384DA6E99EDC}.Debug|Any CPU.Build.0 = Debug|Any CPU
		{577A3A64-3820-421E-91F9-384DA6E99EDC}.Release|Any CPU.ActiveCfg = Release|Any CPU
		{577A3A64-3820-421E-91F9-384DA6E99EDC}.Release|Any CPU.Build.0 = Release|Any CPU
	EndGlobalSection
	GlobalSection(SolutionProperties) = preSolution
		HideSolutionNode = FALSE
	EndGlobalSection
	GlobalSection(ExtensibilityGlobals) = postSolution
		SolutionGuid = {72C50D4C-C97C-452D-B275-873691F4D267}
	EndGlobalSection
EndGlobal
